github.com/google/go-cmp v0.5.8 h1:e6P7q2lk1O+qJJb4BtCQXlK8vWEO8V1ZeuEdJNOqZyg=
github.com/google/go-cmp v0.5.8/go.mod h1:17dUlkBOakJ0+DkrSSNjCkIjxS6bF9zb3elmeNGIjoY=
github.com/sethvargo/go-envconfig v0.8.0 h1:AcmdAewSFAc7pQ1Ghz+vhZkilUtxX559QlDuLLiSkdI=
github.com/sethvargo/go-envconfig v0.8.0/go.mod h1:Iz1Gy1Sf3T64TQlJSvee81qDhf7YIlt8GMUX6yyNFs0=
github.com/sethvargo/go-githubactions v1.1.0 h1:mg03w+b+/s5SMS298/2G6tHv8P0w0VhUFaqL1THIqzY=
github.com/sethvargo/go-githubactions v1.1.0/go.mod h1:qIboSF7yq2Qnaw2WXDsqCReM0Lo1gU4QXUWmhBC3pxE=
github.com/tywkeene/go-fsevents v0.2.1-0.20210417193827-d7e9fb3063aa h1:A0VNqNJUkDvSguPUjvOxXUudD/tHnZC9ayFhEShR+nA=
github.com/tywkeene/go-fsevents v0.2.1-0.20210417193827-d7e9fb3063aa/go.mod h1:SFgGHXyU5cCjV+00nCuQ2tMYi9VP/a2vJj4wuHZQr/o=
golang.org/x/mod v0.12.0 h1:rmsUpXtvNzj340zd98LZ4KntptpfRHwpFOHG188oHXc=
golang.org/x/mod v0.12.0/go.mod h1:iBbtSCu2XBx23ZKBPSOrRkjjQPZFPuis4dIYUhu/chs=
golang.org/x/sys v0.0.0-20190912141932-bc967efca4b8/go.mod h1:h1NjWce9XRLGQEsW7wpKNCjG9DtNlClVuFLEZdDNbEs=
golang.org/x/sys v0.0.0-20220908164124-27713097b956 h1:XeJjHH1KiLpKGb6lvMiksZ9l0fVUh+AmGcm0nOMEBOY=
golang.org/x/sys v0.0.0-20220908164124-27713097b956/go.mod h1:oPkhp1MJrh7nUepCBck5+mAzfO9JrbApNNgaTdGDITg=
